{
  "lockfile_version": "1",
  "packages": {
    "bun@latest": {
      "last_modified": "2026-01-30T02:32:49Z",
      "resolved": "github:NixOS/nixpkgs/6308c3b21396534d8aaeac46179c14c439a89b8a#bun",
      "source": "devbox-search",
      "version": "1.3.8",
      "systems": {
        "aarch64-darwin": {
          "outputs": [
            {
              "name": "out",
              "path": "/nix/store/22jgris8cr1isd8z7gy8ipbx5zzv3348-bun-1.3.8",
              "default": true
            }
          ],
          "store_path": "/nix/store/22jgris8cr1isd8z7gy8ipbx5zzv3348-bun-1.3.8"
        },
        "aarch64-linux": {
          "outputs": [
            {
              "name": "out",
              "path": "/nix/store/lff5nd9nxn82h9kg9dg3wpc172qv596h-bun-1.3.8",
              "default": true
            }
          ],
          "store_path": "/nix/store/lff5nd9nxn82h9kg9dg3wpc172qv596h-bun-1.3.8"
        },
        "x86_64-darwin": {
          "outputs": [
            {
              "name": "out",
              "path": "/nix/store/hj21vk54ildyyf9fx2ffy2wlychx52wz-bun-1.3.8",
              "default": true
            }
          ],
          "store_path": "/nix/store/hj21vk54ildyyf9fx2ffy2wlychx52wz-bun-1.3.8"
        },
        "x86_64-linux": {
          "outputs": [
            {
              "name": "out",
              "path": "/nix/store/akich5c8v8cqp55a1lixzlkhsn4bysn0-bun-1.3.8",
              "default": true
            }
          ],
          "store_path": "/nix/store/akich5c8v8cqp55a1lixzlkhsn4bysn0-bun-1.3.8"
        }
      }
    },
    "delta@latest": {
      "last_modified": "2026-01-23T17:20:52Z",
      "resolved": "github:NixOS/nixpkgs/a1bab9e494f5f4939442a57a58d0449a109593fe#delta",
      "source": "devbox-search",
      "version": "0.18.2",
      "systems": {
        "aarch64-darwin": {
          "outputs": [
            {
              "name": "out",
              "path": "/nix/store/nsi1hy9w5dz1zysmf2jv2yvljdrn020z-delta-0.18.2",
              "default": true
            }
          ],
          "store_path": "/nix/store/nsi1hy9w5dz1zysmf2jv2yvljdrn020z-delta-0.18.2"
        },
        "aarch64-linux": {
          "outputs": [
            {
              "name": "out",
              "path": "/nix/store/76rc66v3mmg08w8xn2nrz77n0wic8532-delta-0.18.2",
              "default": true
            }
          ],
          "store_path": "/nix/store/76rc66v3mmg08w8xn2nrz77n0wic8532-delta-0.18.2"
        },
        "x86_64-darwin": {
          "outputs": [
            {
              "name": "out",
              "path": "/nix/store/v5k3rsq43l65wfw6whw3pr527zc392l6-delta-0.18.2",
              "default": true
            }
          ],
          "store_path": "/nix/store/v5k3rsq43l65wfw6whw3pr527zc392l6-delta-0.18.2"
        },
        "x86_64-linux": {
          "outputs": [
            {
              "name": "out",
              "path": "/nix/store/fvx22qhn0hh9wixx4yijvwfbm5b1yzl0-delta-0.18.2",
              "default": true
            }
          ],
          "store_path": "/nix/store/fvx22qhn0hh9wixx4yijvwfbm5b1yzl0-delta-0.18.2"
        }
      }
    },
    "docker@latest": {
      "last_modified": "2026-02-06T12:24:04Z",
      "resolved": "github:NixOS/nixpkgs/ae67888ff7ef9dff69b3cf0cc0fbfbcd3a722abe#docker",
      "source": "devbox-search",
      "version": "29.2.0",
      "systems": {
        "aarch64-darwin": {
          "outputs": [
            {
              "name": "out",
              "path": "/nix/store/24308dp2fgv0sr7kb89qbylnd8h2wph6-docker-29.2.0",
              "default": true
            }
          ],
          "store_path": "/nix/store/24308dp2fgv0sr7kb89qbylnd8h2wph6-docker-29.2.0"
        },
        "aarch64-linux": {
          "outputs": [
            {
              "name": "out",
              "path": "/nix/store/h3csldhbph1y16ha4g5bm528slkjvlvn-docker-29.2.0",
              "default": true
            }
          ],
          "store_path": "/nix/store/h3csldhbph1y16ha4g5bm528slkjvlvn-docker-29.2.0"
        },
        "x86_64-darwin": {
          "outputs": [
            {
              "name": "out",
              "path": "/nix/store/9yrad8hlczv83flcwdmpbwdr5pcanii8-docker-29.2.0",
              "default": true
            }
          ],
          "store_path": "/nix/store/9yrad8hlczv83flcwdmpbwdr5pcanii8-docker-29.2.0"
        },
        "x86_64-linux": {
          "outputs": [
            {
              "name": "out",
              "path": "/nix/store/c8aqqrc2nmn5dz5byk11l8jdyyg6hirw-docker-29.2.0",
              "default": true
            }
          ],
          "store_path": "/nix/store/c8aqqrc2nmn5dz5byk11l8jdyyg6hirw-docker-29.2.0"
        }
      }
    },
    "doppler@latest": {
      "last_modified": "2026-01-30T02:32:49Z",
      "resolved": "github:NixOS/nixpkgs/6308c3b21396534d8aaeac46179c14c439a89b8a#doppler",
      "source": "devbox-search",
      "version": "3.75.2",
      "systems": {
        "aarch64-darwin": {
          "outputs": [
            {
              "name": "out",
              "path": "/nix/store/wiajzvizxi5dh9vdx3gx3nzh9xdjcfbd-doppler-3.75.2",
              "default": true
            }
          ],
          "store_path": "/nix/store/wiajzvizxi5dh9vdx3gx3nzh9xdjcfbd-doppler-3.75.2"
        },
        "aarch64-linux": {
          "outputs": [
            {
              "name": "out",
              "path": "/nix/store/xyq7sqj0d5g7zc4z4a2yyyp3ma55inn2-doppler-3.75.2",
              "default": true
            }
          ],
          "store_path": "/nix/store/xyq7sqj0d5g7zc4z4a2yyyp3ma55inn2-doppler-3.75.2"
        },
        "x86_64-darwin": {
          "outputs": [
            {
              "name": "out",
              "path": "/nix/store/zj8fb3siqvpircjsflpz7vzr5nsf2jxw-doppler-3.75.2",
              "default": true
            }
          ],
          "store_path": "/nix/store/zj8fb3siqvpircjsflpz7vzr5nsf2jxw-doppler-3.75.2"
        },
        "x86_64-linux": {
          "outputs": [
            {
              "name": "out",
              "path": "/nix/store/l1xxizv1g2givmrjp6qsc6mjia0g752w-doppler-3.75.2",
              "default": true
            }
          ],
          "store_path": "/nix/store/l1xxizv1g2givmrjp6qsc6mjia0g752w-doppler-3.75.2"
        }
      }
    },
    "dotnet-sdk_10@latest": {
      "last_modified": "2026-01-23T17:20:52Z",
      "resolved": "github:NixOS/nixpkgs/a1bab9e494f5f4939442a57a58d0449a109593fe#dotnet-sdk_10",
      "source": "devbox-search",
      "version": "10.0.102",
      "systems": {
        "aarch64-darwin": {
          "outputs": [
            {
              "name": "out",
              "path": "/nix/store/dslkv9wjxc6qf9nawryd8ga40fikbdyl-dotnet-sdk-wrapped-10.0.102",
              "default": true
            },
            {
              "name": "man",
              "path": "/nix/store/mk7chagrlfg67gxv599gm7swyq6fbfag-dotnet-sdk-wrapped-10.0.102-man",
              "default": true
            }
          ],
          "store_path": "/nix/store/dslkv9wjxc6qf9nawryd8ga40fikbdyl-dotnet-sdk-wrapped-10.0.102"
        },
        "aarch64-linux": {
          "outputs": [
            {
              "name": "out",
              "path": "/nix/store/gd4nj1lw1ymvdkxrclc5f5vhnk9x5ixr-dotnet-sdk-wrapped-10.0.102",
              "default": true
            },
            {
              "name": "man",
              "path": "/nix/store/d84shxydyfj996sjblxph5jvj4d6blhc-dotnet-sdk-wrapped-10.0.102-man",
              "default": true
            }
          ],
          "store_path": "/nix/store/gd4nj1lw1ymvdkxrclc5f5vhnk9x5ixr-dotnet-sdk-wrapped-10.0.102"
        },
        "x86_64-darwin": {
          "outputs": [
            {
              "name": "out",
              "path": "/nix/store/y6bw0iq9ci5mm2r1kjgapzy7ywnxfh79-dotnet-sdk-wrapped-10.0.102",
              "default": true
            }
          ],
          "store_path": "/nix/store/y6bw0iq9ci5mm2r1kjgapzy7ywnxfh79-dotnet-sdk-wrapped-10.0.102"
        },
        "x86_64-linux": {
          "outputs": [
            {
              "name": "out",
              "path": "/nix/store/8c46l2wrhjgfnhp6ppfdlc4zhfij58cx-dotnet-sdk-wrapped-10.0.102",
              "default": true
            },
            {
              "name": "man",
              "path": "/nix/store/yhv9kjkcnzsi4r5jlypbvskcmp9kpmnc-dotnet-sdk-wrapped-10.0.102-man",
              "default": true
            }
          ],
          "store_path": "/nix/store/8c46l2wrhjgfnhp6ppfdlc4zhfij58cx-dotnet-sdk-wrapped-10.0.102"
        }
      }
    },
    "git-fame@latest": {
      "last_modified": "2026-01-23T17:20:52Z",
      "resolved": "github:NixOS/nixpkgs/a1bab9e494f5f4939442a57a58d0449a109593fe#git-fame",
      "source": "devbox-search",
      "version": "3.2.19",
      "systems": {
        "aarch64-darwin": {
          "outputs": [
            {
              "name": "out",
              "path": "/nix/store/0km8bglg3fcjscyl6i2jinqqpckyqjbc-git_fame-3.2.19",
              "default": true
            }
          ],
          "store_path": "/nix/store/0km8bglg3fcjscyl6i2jinqqpckyqjbc-git_fame-3.2.19"
        },
        "aarch64-linux": {
          "outputs": [
            {
              "name": "out",
              "path": "/nix/store/wqzlfnkjs9ci9m7fwpajj1988vv3azw7-git_fame-3.2.19",
              "default": true
            }
          ],
          "store_path": "/nix/store/wqzlfnkjs9ci9m7fwpajj1988vv3azw7-git_fame-3.2.19"
        },
        "x86_64-darwin": {
          "outputs": [
            {
              "name": "out",
              "path": "/nix/store/qada3kyjcyc37bvbvyy5wrp9n3ingh90-git_fame-3.2.19",
              "default": true
            }
          ],
          "store_path": "/nix/store/qada3kyjcyc37bvbvyy5wrp9n3ingh90-git_fame-3.2.19"
        },
        "x86_64-linux": {
          "outputs": [
            {
              "name": "out",
              "path": "/nix/store/r6f51ybannw681y7b8vpmvpa7bj6ks1k-git_fame-3.2.19",
              "default": true
            }
          ],
          "store_path": "/nix/store/r6f51ybannw681y7b8vpmvpa7bj6ks1k-git_fame-3.2.19"
        }
      }
    },
    "git-quick-stats@latest": {
      "last_modified": "2026-01-23T17:20:52Z",
      "resolved": "github:NixOS/nixpkgs/a1bab9e494f5f4939442a57a58d0449a109593fe#git-quick-stats",
      "source": "devbox-search",
      "version": "2.8.0",
      "systems": {
        "aarch64-darwin": {
          "outputs": [
            {
              "name": "out",
              "path": "/nix/store/7q2n86r97yjpbmga5iqr55nqvbrjsxvl-git-quick-stats-2.8.0",
              "default": true
            }
          ],
          "store_path": "/nix/store/7q2n86r97yjpbmga5iqr55nqvbrjsxvl-git-quick-stats-2.8.0"
        },
        "aarch64-linux": {
          "outputs": [
            {
              "name": "out",
              "path": "/nix/store/b61mf82nha9nb5c9c12rpy99cgc4ad90-git-quick-stats-2.8.0",
              "default": true
            }
          ],
          "store_path": "/nix/store/b61mf82nha9nb5c9c12rpy99cgc4ad90-git-quick-stats-2.8.0"
        },
        "x86_64-darwin": {
          "outputs": [
            {
              "name": "out",
              "path": "/nix/store/vg5qw4a5s072skdk8dzkh350y8aclkpq-git-quick-stats-2.8.0",
              "default": true
            }
          ],
          "store_path": "/nix/store/vg5qw4a5s072skdk8dzkh350y8aclkpq-git-quick-stats-2.8.0"
        },
        "x86_64-linux": {
          "outputs": [
            {
              "name": "out",
              "path": "/nix/store/hr93pv3fm22y0a7wqivs037qjnvi5jh7-git-quick-stats-2.8.0",
              "default": true
            }
          ],
          "store_path": "/nix/store/hr93pv3fm22y0a7wqivs037qjnvi5jh7-git-quick-stats-2.8.0"
        }
      }
    },
    "git-sizer@latest": {
      "last_modified": "2026-01-23T17:20:52Z",
      "resolved": "github:NixOS/nixpkgs/a1bab9e494f5f4939442a57a58d0449a109593fe#git-sizer",
      "source": "devbox-search",
      "version": "1.5.0",
      "systems": {
        "aarch64-darwin": {
          "outputs": [
            {
              "name": "out",
              "path": "/nix/store/pk8hy1b8fpzx2kr6n5m3jgpm7jg2vcjx-git-sizer-1.5.0",
              "default": true
            }
          ],
          "store_path": "/nix/store/pk8hy1b8fpzx2kr6n5m3jgpm7jg2vcjx-git-sizer-1.5.0"
        },
        "aarch64-linux": {
          "outputs": [
            {
              "name": "out",
              "path": "/nix/store/mhsmr8a7m9vjiv3x7xkk4bhlslghr07v-git-sizer-1.5.0",
              "default": true
            }
          ],
          "store_path": "/nix/store/mhsmr8a7m9vjiv3x7xkk4bhlslghr07v-git-sizer-1.5.0"
        },
        "x86_64-darwin": {
          "outputs": [
            {
              "name": "out",
              "path": "/nix/store/81scxxn55a294pwdvyv0ba80zyqp7iq9-git-sizer-1.5.0",
              "default": true
            }
          ],
          "store_path": "/nix/store/81scxxn55a294pwdvyv0ba80zyqp7iq9-git-sizer-1.5.0"
        },
        "x86_64-linux": {
          "outputs": [
            {
              "name": "out",
              "path": "/nix/store/z40apc0020s9fjbvcgrl4dm59rjxzipk-git-sizer-1.5.0",
              "default": true
            }
          ],
          "store_path": "/nix/store/z40apc0020s9fjbvcgrl4dm59rjxzipk-git-sizer-1.5.0"
        }
      }
    },
    "git@latest": {
      "last_modified": "2026-02-03T08:29:05Z",
      "resolved": "github:NixOS/nixpkgs/4533d9293756b63904b7238acb84ac8fe4c8c2c4#git",
      "source": "devbox-search",
      "version": "2.52.0",
      "systems": {
        "aarch64-darwin": {
          "outputs": [
            {
              "name": "out",
              "path": "/nix/store/vnhprisb777byfjpp5mdd0mxwkpvhbc0-git-2.52.0",
              "default": true
            },
            {
              "name": "doc",
              "path": "/nix/store/p0dx3053175fpr3kjf0fqgs9x6gm3dri-git-2.52.0-doc"
            }
          ],
          "store_path": "/nix/store/vnhprisb777byfjpp5mdd0mxwkpvhbc0-git-2.52.0"
        },
        "aarch64-linux": {
          "outputs": [
            {
              "name": "out",
              "path": "/nix/store/sd4bjblxfljbm13mpl50x8g336gw2dri-git-2.52.0",
              "default": true
            },
            {
              "name": "debug",
              "path": "/nix/store/cx033x4nmr12d9dcn8hxjfrajc3983f0-git-2.52.0-debug"
            },
            {
              "name": "doc",
              "path": "/nix/store/ylsmgdrnp78p8hn7n9lxpada78dka41v-git-2.52.0-doc"
            }
          ],
          "store_path": "/nix/store/sd4bjblxfljbm13mpl50x8g336gw2dri-git-2.52.0"
        },
        "x86_64-darwin": {
          "outputs": [
            {
              "name": "out",
              "path": "/nix/store/sr42bfqa0pc2ysba678mrm49g78jdynp-git-2.52.0",
              "default": true
            },
            {
              "name": "doc",
              "path": "/nix/store/fky0ci2bhwgyh9klg5682pmqswqg7wk4-git-2.52.0-doc"
            }
          ],
          "store_path": "/nix/store/sr42bfqa0pc2ysba678mrm49g78jdynp-git-2.52.0"
        },
        "x86_64-linux": {
          "outputs": [
            {
              "name": "out",
              "path": "/nix/store/ipwndaag56mm8g8gn8j98z0jvn8x4mk1-git-2.52.0",
              "default": true
            },
            {
              "name": "debug",
              "path": "/nix/store/zd8di23fmzjwrhb5ij1bjnlfqkx9j7d6-git-2.52.0-debug"
            },
            {
              "name": "doc",
              "path": "/nix/store/d8kc4kqzcrbcj92msxrpdsdjglh2q5gp-git-2.52.0-doc"
            }
          ],
          "store_path": "/nix/store/ipwndaag56mm8g8gn8j98z0jvn8x4mk1-git-2.52.0"
        }
      }
    },
    "github-linguist@latest": {
      "last_modified": "2026-01-23T17:20:52Z",
      "resolved": "github:NixOS/nixpkgs/a1bab9e494f5f4939442a57a58d0449a109593fe#github-linguist",
      "source": "devbox-search",
      "version": "9.1.0",
      "systems": {
        "aarch64-darwin": {
          "outputs": [
            {
              "name": "out",
              "path": "/nix/store/jlnqqymaij62n0zsf6f686d3473rh23p-github-linguist-9.1.0",
              "default": true
            }
          ],
          "store_path": "/nix/store/jlnqqymaij62n0zsf6f686d3473rh23p-github-linguist-9.1.0"
        },
        "aarch64-linux": {
          "outputs": [
            {
              "name": "out",
              "path": "/nix/store/b6hk1hwh0c9ac1yd305dmza82p6fzzwr-github-linguist-9.1.0",
              "default": true
            }
          ],
          "store_path": "/nix/store/b6hk1hwh0c9ac1yd305dmza82p6fzzwr-github-linguist-9.1.0"
        },
        "x86_64-darwin": {
          "outputs": [
            {
              "name": "out",
              "path": "/nix/store/g0vg27d47pnrffwzq9k4pi211v6vhz5h-github-linguist-9.1.0",
              "default": true
            }
          ],
          "store_path": "/nix/store/g0vg27d47pnrffwzq9k4pi211v6vhz5h-github-linguist-9.1.0"
        },
        "x86_64-linux": {
          "outputs": [
            {
              "name": "out",
              "path": "/nix/store/0r7spjb1bmwjlsgxh7s3b5ymy4y11kib-github-linguist-9.1.0",
              "default": true
            }
          ],
          "store_path": "/nix/store/0r7spjb1bmwjlsgxh7s3b5ymy4y11kib-github-linguist-9.1.0"
        }
      }
    },
    "github:NixOS/nixpkgs/nixpkgs-unstable": {
      "last_modified": "2026-02-11T21:01:36Z",
      "resolved": "github:NixOS/nixpkgs/2343bbb58f99267223bc2aac4fc9ea301a155a16?lastModified=1770843696"
    },
    "gitleaks@latest": {
      "last_modified": "2026-01-23T17:20:52Z",
      "resolved": "github:NixOS/nixpkgs/a1bab9e494f5f4939442a57a58d0449a109593fe#gitleaks",
      "source": "devbox-search",
      "version": "8.30.0",
      "systems": {
        "aarch64-darwin": {
          "outputs": [
            {
              "name": "out",
              "path": "/nix/store/xkbi7rvdpf8f2r38j4cfm12rpz4a85y6-gitleaks-8.30.0",
              "default": true
            }
          ],
          "store_path": "/nix/store/xkbi7rvdpf8f2r38j4cfm12rpz4a85y6-gitleaks-8.30.0"
        },
        "aarch64-linux": {
          "outputs": [
            {
              "name": "out",
              "path": "/nix/store/rkff5ixm9varngn7zxqqgx5w6fg4jhzi-gitleaks-8.30.0",
              "default": true
            }
          ],
          "store_path": "/nix/store/rkff5ixm9varngn7zxqqgx5w6fg4jhzi-gitleaks-8.30.0"
        },
        "x86_64-darwin": {
          "outputs": [
            {
              "name": "out",
              "path": "/nix/store/4z8ml9f6lspsigr74l2ny2adhswj2bn2-gitleaks-8.30.0",
              "default": true
            }
          ],
          "store_path": "/nix/store/4z8ml9f6lspsigr74l2ny2adhswj2bn2-gitleaks-8.30.0"
        },
        "x86_64-linux": {
          "outputs": [
            {
              "name": "out",
              "path": "/nix/store/37v6wknb3fdlgxpgwilffaxipfy8f1fx-gitleaks-8.30.0",
              "default": true
            }
          ],
          "store_path": "/nix/store/37v6wknb3fdlgxpgwilffaxipfy8f1fx-gitleaks-8.30.0"
        }
      }
    },
    "glibcLocales@latest": {
      "last_modified": "2026-01-23T17:20:52Z",
      "resolved": "github:NixOS/nixpkgs/a1bab9e494f5f4939442a57a58d0449a109593fe#glibcLocales",
      "source": "devbox-search",
      "version": "2.42-47",
      "systems": {
        "aarch64-linux": {
          "outputs": [
            {
              "name": "out",
              "path": "/nix/store/j6314ihrwj50rb1w357lfkz4v8syrq7p-glibc-locales-2.42-47",
              "default": true
            }
          ],
          "store_path": "/nix/store/j6314ihrwj50rb1w357lfkz4v8syrq7p-glibc-locales-2.42-47"
        },
        "x86_64-linux": {
          "outputs": [
            {
              "name": "out",
              "path": "/nix/store/9whrn8kh4r39pf52zlbn7vim0s74qi19-glibc-locales-2.42-47",
              "default": true
            }
          ],
          "store_path": "/nix/store/9whrn8kh4r39pf52zlbn7vim0s74qi19-glibc-locales-2.42-47"
        }
      }
    },
    "lazygit@latest": {
      "last_modified": "2026-01-23T17:20:52Z",
      "resolved": "github:NixOS/nixpkgs/a1bab9e494f5f4939442a57a58d0449a109593fe#lazygit",
      "source": "devbox-search",
      "version": "0.58.1",
      "systems": {
        "aarch64-darwin": {
          "outputs": [
            {
              "name": "out",
              "path": "/nix/store/g7sdbs75b9rmi32k7lafn8wa7sscpppc-lazygit-0.58.1",
              "default": true
            }
          ],
          "store_path": "/nix/store/g7sdbs75b9rmi32k7lafn8wa7sscpppc-lazygit-0.58.1"
        },
        "aarch64-linux": {
          "outputs": [
            {
              "name": "out",
              "path": "/nix/store/xxal99hsb0bgwd06rjnlbnlak83hdr7i-lazygit-0.58.1",
              "default": true
            }
          ],
          "store_path": "/nix/store/xxal99hsb0bgwd06rjnlbnlak83hdr7i-lazygit-0.58.1"
        },
        "x86_64-darwin": {
          "outputs": [
            {
              "name": "out",
              "path": "/nix/store/5n7dsjbvpgdzsg94w5hxidm8lpmb7x6z-lazygit-0.58.1",
              "default": true
            }
          ],
          "store_path": "/nix/store/5n7dsjbvpgdzsg94w5hxidm8lpmb7x6z-lazygit-0.58.1"
        },
        "x86_64-linux": {
          "outputs": [
            {
              "name": "out",
              "path": "/nix/store/l55q05b9lfb5f8rrk8dhd3n51b9rwbq6-lazygit-0.58.1",
              "default": true
            }
          ],
          "store_path": "/nix/store/l55q05b9lfb5f8rrk8dhd3n51b9rwbq6-lazygit-0.58.1"
        }
      }
    },
    "ncurses@latest": {
      "last_modified": "2026-01-23T17:20:52Z",
      "resolved": "github:NixOS/nixpkgs/a1bab9e494f5f4939442a57a58d0449a109593fe#ncurses",
      "source": "devbox-search",
      "version": "6.6",
      "systems": {
        "aarch64-darwin": {
          "outputs": [
            {
              "name": "out",
              "path": "/nix/store/xgvn3z1pk0csihwhwsijvncyxv7n9f7j-ncurses-6.6",
              "default": true
            },
            {
              "name": "man",
              "path": "/nix/store/p6n781rx7a4i1hxzv0br48kg7wmnvgri-ncurses-6.6-man",
              "default": true
            },
            {
              "name": "dev",
              "path": "/nix/store/8ghldbq8x4b8r7m3k28s3q324h2zik3k-ncurses-6.6-dev"
            }
          ],
          "store_path": "/nix/store/xgvn3z1pk0csihwhwsijvncyxv7n9f7j-ncurses-6.6"
        },
        "aarch64-linux": {
          "outputs": [
            {
              "name": "out",
              "path": "/nix/store/hdzfz4b6svjfx4dkyznsqsfhr3w005ax-ncurses-6.6",
              "default": true
            },
            {
              "name": "man",
              "path": "/nix/store/z0q97s0cmdrbpd89nm2y5cwy24i82rdw-ncurses-6.6-man",
              "default": true
            },
            {
              "name": "dev",
              "path": "/nix/store/ynvv1gcnp22fi4z5sq8gr02w393g4fav-ncurses-6.6-dev"
            }
          ],
          "store_path": "/nix/store/hdzfz4b6svjfx4dkyznsqsfhr3w005ax-ncurses-6.6"
        },
        "x86_64-darwin": {
          "outputs": [
            {
              "name": "out",
              "path": "/nix/store/8kjw9n4q1wpaf8jz1k95fjhggy0z5y6b-ncurses-6.6",
              "default": true
            },
            {
              "name": "man",
              "path": "/nix/store/jpxkcpgs0qwg9dk8cn8kff84xhw264js-ncurses-6.6-man",
              "default": true
            },
            {
              "name": "dev",
              "path": "/nix/store/6jlpyymp3isccnlzw2gmbzmpxpl41cfi-ncurses-6.6-dev"
            }
          ],
          "store_path": "/nix/store/8kjw9n4q1wpaf8jz1k95fjhggy0z5y6b-ncurses-6.6"
        },
        "x86_64-linux": {
          "outputs": [
            {
              "name": "out",
              "path": "/nix/store/z2903hglhpxv4hyczli0ncdf09wmma92-ncurses-6.6",
              "default": true
            },
            {
              "name": "man",
              "path": "/nix/store/qmqc18y38gfd8ld9s9hsvrlpi6v8h7mz-ncurses-6.6-man",
              "default": true
            },
            {
              "name": "dev",
              "path": "/nix/store/n7iyqawbhv90ikx7casy5sapwpqj870b-ncurses-6.6-dev"
            }
          ],
          "store_path": "/nix/store/z2903hglhpxv4hyczli0ncdf09wmma92-ncurses-6.6"
        }
      }
    },
    "onefetch@latest": {
      "last_modified": "2026-01-23T17:20:52Z",
      "resolved": "github:NixOS/nixpkgs/a1bab9e494f5f4939442a57a58d0449a109593fe#onefetch",
      "source": "devbox-search",
      "version": "2.26.1",
      "systems": {
        "aarch64-darwin": {
          "outputs": [
            {
              "name": "out",
              "path": "/nix/store/m7bcir2sw6q3zx2gamw20kp60wnpk2vg-onefetch-2.26.1",
              "default": true
            }
          ],
          "store_path": "/nix/store/m7bcir2sw6q3zx2gamw20kp60wnpk2vg-onefetch-2.26.1"
        },
        "aarch64-linux": {
          "outputs": [
            {
              "name": "out",
              "path": "/nix/store/z9y69crmp1clq2na8df0xi4f554s7j2k-onefetch-2.26.1",
              "default": true
            }
          ],
          "store_path": "/nix/store/z9y69crmp1clq2na8df0xi4f554s7j2k-onefetch-2.26.1"
        },
        "x86_64-darwin": {
          "outputs": [
            {
              "name": "out",
              "path": "/nix/store/8hbrlh83iljd63ca0l4bp6drf5lyin6n-onefetch-2.26.1",
              "default": true
            }
          ],
          "store_path": "/nix/store/8hbrlh83iljd63ca0l4bp6drf5lyin6n-onefetch-2.26.1"
        },
        "x86_64-linux": {
          "outputs": [
            {
              "name": "out",
              "path": "/nix/store/nfaqp9dhick06xccdphn66a7hrmz5xks-onefetch-2.26.1",
              "default": true
            }
          ],
          "store_path": "/nix/store/nfaqp9dhick06xccdphn66a7hrmz5xks-onefetch-2.26.1"
        }
      }
    },
    "opentofu@latest": {
      "last_modified": "2026-01-23T17:20:52Z",
      "resolved": "github:NixOS/nixpkgs/a1bab9e494f5f4939442a57a58d0449a109593fe#opentofu",
      "source": "devbox-search",
      "version": "1.11.4",
      "systems": {
        "aarch64-darwin": {
          "outputs": [
            {
              "name": "out",
              "path": "/nix/store/dh4g368b2h3fz41qv35qi202arp9fk56-opentofu-1.11.4",
              "default": true
            }
          ],
          "store_path": "/nix/store/dh4g368b2h3fz41qv35qi202arp9fk56-opentofu-1.11.4"
        },
        "aarch64-linux": {
          "outputs": [
            {
              "name": "out",
              "path": "/nix/store/7iwd0dfplspdbn2xrixxnk7r60hhv1cs-opentofu-1.11.4",
              "default": true
            }
          ],
          "store_path": "/nix/store/7iwd0dfplspdbn2xrixxnk7r60hhv1cs-opentofu-1.11.4"
        },
        "x86_64-darwin": {
          "outputs": [
            {
              "name": "out",
              "path": "/nix/store/bzrrjv7lbabc9kvhmhiihh4il9kxp0y0-opentofu-1.11.4",
              "default": true
            }
          ],
          "store_path": "/nix/store/bzrrjv7lbabc9kvhmhiihh4il9kxp0y0-opentofu-1.11.4"
        },
        "x86_64-linux": {
          "outputs": [
            {
              "name": "out",
              "path": "/nix/store/khly3n8k62bvm8j70lmy7apzsf3g1072-opentofu-1.11.4",
              "default": true
            }
          ],
          "store_path": "/nix/store/khly3n8k62bvm8j70lmy7apzsf3g1072-opentofu-1.11.4"
        }
      }
    },
    "postgresql@latest": {
      "last_modified": "2026-02-06T12:24:04Z",
      "plugin_version": "0.0.2",
      "resolved": "github:NixOS/nixpkgs/ae67888ff7ef9dff69b3cf0cc0fbfbcd3a722abe#postgresql",
      "source": "devbox-search",
      "version": "17.7",
      "systems": {
        "aarch64-darwin": {
          "outputs": [
            {
              "name": "out",
              "path": "/nix/store/vx9gmg88b48qjf1w2q6czfx44jbh48nw-postgresql-17.7",
              "default": true
            },
            {
              "name": "man",
              "path": "/nix/store/5yqpri3x1mklxl2vcybfmwp6xxp52rni-postgresql-17.7-man",
              "default": true
            },
            {
              "name": "pltcl",
              "path": "/nix/store/nh5w4cvdw5s5awzqakq3vzicilf0xqsg-postgresql-17.7-pltcl"
            },
            {
              "name": "dev",
              "path": "/nix/store/nq4byvf63lxxaj9146ix6cgmdcgdwk9w-postgresql-17.7-dev"
            },
            {
              "name": "doc",
              "path": "/nix/store/8xpqpf57xcsynxk2b3ci06196dyfmz26-postgresql-17.7-doc"
            },
            {
              "name": "jit",
              "path": "/nix/store/fa05l4w87mq6mxxc8fmwcnsq2dfwqx63-postgresql-17.7-jit"
            },
            {
              "name": "plperl",
              "path": "/nix/store/7qj0nvgg12qqnvyk91msj3vx7pag9jss-postgresql-17.7-plperl"
            },
            {
              "name": "plpython3",
              "path": "/nix/store/h983agwkyjbpyrvkxg79h04nmkzi1x64-postgresql-17.7-plpython3"
            },
            {
              "name": "lib",
              "path": "/nix/store/ac0yshzcixvp2bf9ni8gyqnaa7xkij4z-postgresql-17.7-lib"
            }
          ],
          "store_path": "/nix/store/vx9gmg88b48qjf1w2q6czfx44jbh48nw-postgresql-17.7"
        },
        "aarch64-linux": {
          "outputs": [
            {
              "name": "out",
              "path": "/nix/store/w9vr076nphsz2yzfga89y0iz8g5h8cph-postgresql-17.7",
              "default": true
            },
            {
              "name": "man",
              "path": "/nix/store/svj6vvzbbsffy8a4911y3vnc06ax9hv1-postgresql-17.7-man",
              "default": true
            },
            {
              "name": "jit",
              "path": "/nix/store/c5rbgn9b02k90m3nqr3xvq3w1idw1g8a-postgresql-17.7-jit"
            },
            {
              "name": "plperl",
              "path": "/nix/store/pnc1x6ibng1zfw4pw41n6jwjh7sxcs6k-postgresql-17.7-plperl"
            },
            {
              "name": "dev",
              "path": "/nix/store/cy6yym2dpckwdczpjvy0fzzfic0gdsyd-postgresql-17.7-dev"
            },
            {
              "name": "lib",
              "path": "/nix/store/n5rx0z3df5m7vzimhpf9wy49yqnc0v7y-postgresql-17.7-lib"
            },
            {
              "name": "plpython3",
              "path": "/nix/store/5iy4j3bdji5i4jjx4n9kjnysnrni9vjl-postgresql-17.7-plpython3"
            },
            {
              "name": "pltcl",
              "path": "/nix/store/99n9s4iglhp5zs9z2hmpkmf9zix726hc-postgresql-17.7-pltcl"
            },
            {
              "name": "debug",
              "path": "/nix/store/j9560pp5y1jjwl3lf0qhy5iqlrhqcbwn-postgresql-17.7-debug"
            },
            {
              "name": "doc",
              "path": "/nix/store/bkl661xgszkiicj5md6cs6djisp75x4a-postgresql-17.7-doc"
            }
          ],
          "store_path": "/nix/store/w9vr076nphsz2yzfga89y0iz8g5h8cph-postgresql-17.7"
        },
        "x86_64-darwin": {
          "outputs": [
            {
              "name": "out",
              "path": "/nix/store/b43wiw5i5nlknjdh0gp5wy2kxhn4g3hb-postgresql-17.7",
              "default": true
            },
            {
              "name": "man",
              "path": "/nix/store/s9kij410s43rybi1azhir7b2j75cq0rn-postgresql-17.7-man",
              "default": true
            },
            {
              "name": "plpython3",
              "path": "/nix/store/9ad55c6ax7n68jiqaizfx32pl1d2h4nk-postgresql-17.7-plpython3"
            },
            {
              "name": "dev",
              "path": "/nix/store/37w8wclf5jadjs1b47hly9bdk3snwayj-postgresql-17.7-dev"
            },
            {
              "name": "plperl",
              "path": "/nix/store/67jpacfqpg9szkgfhgsqc3grbls3kr0k-postgresql-17.7-plperl"
            },
            {
              "name": "pltcl",
              "path": "/nix/store/8cp12kpl06hi69qw1crwcvaq3fzzc1jj-postgresql-17.7-pltcl"
            },
            {
              "name": "doc",
              "path": "/nix/store/77jrsipaqi75rjvr3lrai2gb57qyswlc-postgresql-17.7-doc"
            },
            {
              "name": "jit",
              "path": "/nix/store/nl7c5534vvny958zwa2fybzh6gxypkx0-postgresql-17.7-jit"
            },
            {
              "name": "lib",
              "path": "/nix/store/gdsdbr3ywpflxy6wzijfcsdw24vwz7i6-postgresql-17.7-lib"
            }
          ],
          "store_path": "/nix/store/b43wiw5i5nlknjdh0gp5wy2kxhn4g3hb-postgresql-17.7"
        },
        "x86_64-linux": {
          "outputs": [
            {
              "name": "out",
              "path": "/nix/store/4ymb19kxf4jhvxgpgcpla0v873fj6gk7-postgresql-17.7",
              "default": true
            },
            {
              "name": "man",
              "path": "/nix/store/g9js21qckjnan7v3acw82m6ax59801n5-postgresql-17.7-man",
              "default": true
            },
            {
              "name": "doc",
              "path": "/nix/store/jysmr95bcn3xxh5vhvxxfk8dlq4pmwxc-postgresql-17.7-doc"
            },
            {
              "name": "plperl",
              "path": "/nix/store/vsnmsmlsa70rvkyxdarr4pmm55v9050x-postgresql-17.7-plperl"
            },
            {
              "name": "plpython3",
              "path": "/nix/store/cc0j2gldywdcgic8sy9dracvivcxc2by-postgresql-17.7-plpython3"
            },
            {
              "name": "dev",
              "path": "/nix/store/c0lzaq5al5rh9a6ssi2lvi01ca27db0c-postgresql-17.7-dev"
            },
            {
              "name": "jit",
              "path": "/nix/store/2hh6fvf9g3l3g2d4md8qa8a3f6l6xdg6-postgresql-17.7-jit"
            },
            {
              "name": "lib",
              "path": "/nix/store/k7ksxvn6q8qma28276yg0m0smnzkfrdi-postgresql-17.7-lib"
            },
            {
              "name": "pltcl",
              "path": "/nix/store/nylsg79fndls0dwklnxnwknycwbw8qa8-postgresql-17.7-pltcl"
            },
            {
              "name": "debug",
              "path": "/nix/store/b90wjas7b1ld0gd44xj8957hiqazgcnc-postgresql-17.7-debug"
            }
          ],
          "store_path": "/nix/store/4ymb19kxf4jhvxgpgcpla0v873fj6gk7-postgresql-17.7"
        }
      }
    },
    "ruby@latest": {
      "last_modified": "2026-01-23T17:20:52Z",
      "plugin_version": "0.0.2",
      "resolved": "github:NixOS/nixpkgs/a1bab9e494f5f4939442a57a58d0449a109593fe#ruby_4_0",
      "source": "devbox-search",
      "version": "4.0.1",
      "systems": {
        "aarch64-darwin": {
          "outputs": [
            {
              "name": "out",
              "path": "/nix/store/f3bkdn76vzv8dbylws5vvf3nhd1613vv-ruby-4.0.1",
              "default": true
            },
            {
              "name": "devdoc",
              "path": "/nix/store/13w2rzawhs6ci4mxvsmb8s9ya9rshhgi-ruby-4.0.1-devdoc"
            }
          ],
          "store_path": "/nix/store/f3bkdn76vzv8dbylws5vvf3nhd1613vv-ruby-4.0.1"
        },
        "aarch64-linux": {
          "outputs": [
            {
              "name": "out",
              "path": "/nix/store/4ayaznmrq4933yym9nsxpy5k3p4lv4av-ruby-4.0.1",
              "default": true
            },
            {
              "name": "devdoc",
              "path": "/nix/store/x1i9i3fljzklma8ln8vg55xn5y09368s-ruby-4.0.1-devdoc"
            }
          ],
          "store_path": "/nix/store/4ayaznmrq4933yym9nsxpy5k3p4lv4av-ruby-4.0.1"
        },
        "x86_64-darwin": {
          "outputs": [
            {
              "name": "out",
              "path": "/nix/store/ka5006mfjgf4d8m4gvnbc45afry9gnlw-ruby-4.0.1",
              "default": true
            },
            {
              "name": "devdoc",
              "path": "/nix/store/56hirfc46nff7dzxrzir43iw276d54kg-ruby-4.0.1-devdoc"
            }
          ],
          "store_path": "/nix/store/ka5006mfjgf4d8m4gvnbc45afry9gnlw-ruby-4.0.1"
        },
        "x86_64-linux": {
          "outputs": [
            {
              "name": "out",
              "path": "/nix/store/3iwcwzbxawxz9245zw9mipgzb2ya2rd6-ruby-4.0.1",
              "default": true
            },
            {
              "name": "devdoc",
              "path": "/nix/store/q5racqkp8j80y3cf4m4aq88yymchiqzg-ruby-4.0.1-devdoc"
            }
          ],
          "store_path": "/nix/store/3iwcwzbxawxz9245zw9mipgzb2ya2rd6-ruby-4.0.1"
        }
      }
    },
    "scc@latest": {
      "last_modified": "2026-01-23T17:20:52Z",
      "resolved": "github:NixOS/nixpkgs/a1bab9e494f5f4939442a57a58d0449a109593fe#scc",
      "source": "devbox-search",
      "version": "3.6.0",
      "systems": {
        "aarch64-darwin": {
          "outputs": [
            {
              "name": "out",
              "path": "/nix/store/zjp7whjdmg4b2inwpy487wr9zvlf1kjm-scc-3.6.0",
              "default": true
            }
          ],
          "store_path": "/nix/store/zjp7whjdmg4b2inwpy487wr9zvlf1kjm-scc-3.6.0"
        },
        "aarch64-linux": {
          "outputs": [
            {
              "name": "out",
              "path": "/nix/store/c7n6viczslnzljjv6vl8c92d2c8h6gal-scc-3.6.0",
              "default": true
            }
          ],
          "store_path": "/nix/store/c7n6viczslnzljjv6vl8c92d2c8h6gal-scc-3.6.0"
        },
        "x86_64-darwin": {
          "outputs": [
            {
              "name": "out",
              "path": "/nix/store/xpmzcchr3kx6270nrgznan9i24ca44c5-scc-3.6.0",
              "default": true
            }
          ],
          "store_path": "/nix/store/xpmzcchr3kx6270nrgznan9i24ca44c5-scc-3.6.0"
        },
        "x86_64-linux": {
          "outputs": [
            {
              "name": "out",
              "path": "/nix/store/8q0zjsm063mldn3g4z4l69y4s5wl4lsr-scc-3.6.0",
              "default": true
            }
          ],
          "store_path": "/nix/store/8q0zjsm063mldn3g4z4l69y4s5wl4lsr-scc-3.6.0"
        }
      }
    },
    "tokei@latest": {
      "last_modified": "2026-01-23T17:20:52Z",
      "resolved": "github:NixOS/nixpkgs/a1bab9e494f5f4939442a57a58d0449a109593fe#tokei",
      "source": "devbox-search",
      "version": "14.0.0",
      "systems": {
        "aarch64-darwin": {
          "outputs": [
            {
              "name": "out",
              "path": "/nix/store/yxsqg4jb1qxrzks918584nbkf9zj304x-tokei-14.0.0",
              "default": true
            }
          ],
          "store_path": "/nix/store/yxsqg4jb1qxrzks918584nbkf9zj304x-tokei-14.0.0"
        },
        "aarch64-linux": {
          "outputs": [
            {
              "name": "out",
              "path": "/nix/store/jw4b2xjfrbzg6wpmhgrm052hnscdin06-tokei-14.0.0",
              "default": true
            }
          ],
          "store_path": "/nix/store/jw4b2xjfrbzg6wpmhgrm052hnscdin06-tokei-14.0.0"
        },
        "x86_64-darwin": {
          "outputs": [
            {
              "name": "out",
              "path": "/nix/store/gs55fvpv66nvkzy4wd53219r16aiajnz-tokei-14.0.0",
              "default": true
            }
          ],
          "store_path": "/nix/store/gs55fvpv66nvkzy4wd53219r16aiajnz-tokei-14.0.0"
        },
        "x86_64-linux": {
          "outputs": [
            {
              "name": "out",
              "path": "/nix/store/1jz6mg3i4nz81v13z813pwpipazhhf9p-tokei-14.0.0",
              "default": true
            }
          ],
          "store_path": "/nix/store/1jz6mg3i4nz81v13z813pwpipazhhf9p-tokei-14.0.0"
        }
      }
    },
    "trufflehog@latest": {
      "last_modified": "2026-02-06T12:24:04Z",
      "resolved": "github:NixOS/nixpkgs/ae67888ff7ef9dff69b3cf0cc0fbfbcd3a722abe#trufflehog",
      "source": "devbox-search",
      "version": "3.93.0",
      "systems": {
        "aarch64-darwin": {
          "outputs": [
            {
              "name": "out",
              "path": "/nix/store/zaiaad1flf6h3sd7s1b4y2dpjirjqfr4-trufflehog-3.93.0",
              "default": true
            }
          ],
          "store_path": "/nix/store/zaiaad1flf6h3sd7s1b4y2dpjirjqfr4-trufflehog-3.93.0"
        },
        "aarch64-linux": {
          "outputs": [
            {
              "name": "out",
              "path": "/nix/store/1qnhq78l2k14d94xhqi4m1ss4kr5cwz8-trufflehog-3.93.0",
              "default": true
            }
          ],
          "store_path": "/nix/store/1qnhq78l2k14d94xhqi4m1ss4kr5cwz8-trufflehog-3.93.0"
        },
        "x86_64-darwin": {
          "outputs": [
            {
              "name": "out",
              "path": "/nix/store/icklq29n00xh667268n9qq2j5kwj47k6-trufflehog-3.93.0",
              "default": true
            }
          ],
          "store_path": "/nix/store/icklq29n00xh667268n9qq2j5kwj47k6-trufflehog-3.93.0"
        },
        "x86_64-linux": {
          "outputs": [
            {
              "name": "out",
              "path": "/nix/store/7bpj484nwcchphq45dl9mn7arqx7n3j0-trufflehog-3.93.0",
              "default": true
            }
          ],
          "store_path": "/nix/store/7bpj484nwcchphq45dl9mn7arqx7n3j0-trufflehog-3.93.0"
        }
      }
    },
    "which@latest": {
      "last_modified": "2026-01-23T17:20:52Z",
      "resolved": "github:NixOS/nixpkgs/a1bab9e494f5f4939442a57a58d0449a109593fe#which",
      "source": "devbox-search",
      "version": "2.23",
      "systems": {
        "aarch64-darwin": {
          "outputs": [
            {
              "name": "out",
              "path": "/nix/store/dsh7gl5n84y4wsm4pqdvzpsdvdrv2x72-which-2.23",
              "default": true
            }
          ],
          "store_path": "/nix/store/dsh7gl5n84y4wsm4pqdvzpsdvdrv2x72-which-2.23"
        },
        "aarch64-linux": {
          "outputs": [
            {
              "name": "out",
              "path": "/nix/store/d5d2h9bhldlvq1w2zdd442zf73v2lxv3-which-2.23",
              "default": true
            }
          ],
          "store_path": "/nix/store/d5d2h9bhldlvq1w2zdd442zf73v2lxv3-which-2.23"
        },
        "x86_64-darwin": {
          "outputs": [
            {
              "name": "out",
              "path": "/nix/store/6sslv1rf5hgpcwflzygvlrnf1xaxfwvv-which-2.23",
              "default": true
            }
          ],
          "store_path": "/nix/store/6sslv1rf5hgpcwflzygvlrnf1xaxfwvv-which-2.23"
        },
        "x86_64-linux": {
          "outputs": [
            {
              "name": "out",
              "path": "/nix/store/kf15x3a0czahyhrxyd6v6i1f3b06rjd4-which-2.23",
              "default": true
            }
          ],
          "store_path": "/nix/store/kf15x3a0czahyhrxyd6v6i1f3b06rjd4-which-2.23"
        }
      }
    }
  }
}
