{
  "lockfile_version": "1",
  "packages": {
    "bun@latest": {
      "last_modified": "2025-12-31T03:27:36Z",
      "resolved": "github:NixOS/nixpkgs/f665af0cdb70ed27e1bd8f9fdfecaf451260fc55#bun",
      "source": "devbox-search",
      "version": "1.3.5",
      "systems": {
        "aarch64-darwin": {
          "outputs": [
            {
              "name": "out",
              "path": "/nix/store/l95lxycv81h0dd313cznpkqjqyny7fnl-bun-1.3.5",
              "default": true
            }
          ],
          "store_path": "/nix/store/l95lxycv81h0dd313cznpkqjqyny7fnl-bun-1.3.5"
        },
        "aarch64-linux": {
          "outputs": [
            {
              "name": "out",
              "path": "/nix/store/64zyjf8y41ddxys3c8fswmfjl7a1dq0r-bun-1.3.5",
              "default": true
            }
          ],
          "store_path": "/nix/store/64zyjf8y41ddxys3c8fswmfjl7a1dq0r-bun-1.3.5"
        },
        "x86_64-darwin": {
          "outputs": [
            {
              "name": "out",
              "path": "/nix/store/bigwxxi4a1plg9cssmv7l0llmna0j5gk-bun-1.3.5",
              "default": true
            }
          ],
          "store_path": "/nix/store/bigwxxi4a1plg9cssmv7l0llmna0j5gk-bun-1.3.5"
        },
        "x86_64-linux": {
          "outputs": [
            {
              "name": "out",
              "path": "/nix/store/qgwwg2jr2yrksig72y9cmhj65bdcnxhn-bun-1.3.5",
              "default": true
            }
          ],
          "store_path": "/nix/store/qgwwg2jr2yrksig72y9cmhj65bdcnxhn-bun-1.3.5"
        }
      }
    },
    "delta@latest": {
      "last_modified": "2025-12-31T03:27:36Z",
      "resolved": "github:NixOS/nixpkgs/f665af0cdb70ed27e1bd8f9fdfecaf451260fc55#delta",
      "source": "devbox-search",
      "version": "0.18.2",
      "systems": {
        "aarch64-darwin": {
          "outputs": [
            {
              "name": "out",
              "path": "/nix/store/zgg57n7h2ksgnzm5aarjs914hh751md4-delta-0.18.2",
              "default": true
            }
          ],
          "store_path": "/nix/store/zgg57n7h2ksgnzm5aarjs914hh751md4-delta-0.18.2"
        },
        "aarch64-linux": {
          "outputs": [
            {
              "name": "out",
              "path": "/nix/store/piq5mjvn1f8lrj6fh7nx8myykapn3y8l-delta-0.18.2",
              "default": true
            }
          ],
          "store_path": "/nix/store/piq5mjvn1f8lrj6fh7nx8myykapn3y8l-delta-0.18.2"
        },
        "x86_64-darwin": {
          "outputs": [
            {
              "name": "out",
              "path": "/nix/store/cffrsm5js5070rim6s9sf0vdx0kwww60-delta-0.18.2",
              "default": true
            }
          ],
          "store_path": "/nix/store/cffrsm5js5070rim6s9sf0vdx0kwww60-delta-0.18.2"
        },
        "x86_64-linux": {
          "outputs": [
            {
              "name": "out",
              "path": "/nix/store/ag2bxm7k6f5djh8awfg5xb3jqiypf6qz-delta-0.18.2",
              "default": true
            }
          ],
          "store_path": "/nix/store/ag2bxm7k6f5djh8awfg5xb3jqiypf6qz-delta-0.18.2"
        }
      }
    },
    "docker@latest": {
      "last_modified": "2025-12-31T03:27:36Z",
      "resolved": "github:NixOS/nixpkgs/f665af0cdb70ed27e1bd8f9fdfecaf451260fc55#docker",
      "source": "devbox-search",
      "version": "29.1.3",
      "systems": {
        "aarch64-darwin": {
          "outputs": [
            {
              "name": "out",
              "path": "/nix/store/xaysfh8xlwd9ikjadgm12zhgi66nbdf3-docker-29.1.3",
              "default": true
            }
          ],
          "store_path": "/nix/store/xaysfh8xlwd9ikjadgm12zhgi66nbdf3-docker-29.1.3"
        },
        "aarch64-linux": {
          "outputs": [
            {
              "name": "out",
              "path": "/nix/store/pzaif699hw0xlszz19jfywcmy5b8hk4s-docker-29.1.3",
              "default": true
            }
          ],
          "store_path": "/nix/store/pzaif699hw0xlszz19jfywcmy5b8hk4s-docker-29.1.3"
        },
        "x86_64-darwin": {
          "outputs": [
            {
              "name": "out",
              "path": "/nix/store/c92lg5xhdm6v2kmbbczbn83cs46m8ghc-docker-29.1.3",
              "default": true
            }
          ],
          "store_path": "/nix/store/c92lg5xhdm6v2kmbbczbn83cs46m8ghc-docker-29.1.3"
        },
        "x86_64-linux": {
          "outputs": [
            {
              "name": "out",
              "path": "/nix/store/fkg6qlbkr1hgl8gn5ly1vs0s7926m7qd-docker-29.1.3",
              "default": true
            }
          ],
          "store_path": "/nix/store/fkg6qlbkr1hgl8gn5ly1vs0s7926m7qd-docker-29.1.3"
        }
      }
    },
    "doppler@latest": {
      "last_modified": "2025-12-31T03:27:36Z",
      "resolved": "github:NixOS/nixpkgs/f665af0cdb70ed27e1bd8f9fdfecaf451260fc55#doppler",
      "source": "devbox-search",
      "version": "3.75.1",
      "systems": {
        "aarch64-darwin": {
          "outputs": [
            {
              "name": "out",
              "path": "/nix/store/hlbl09qj3slgfbshlp5hy0lkdnkwkygy-doppler-3.75.1",
              "default": true
            }
          ],
          "store_path": "/nix/store/hlbl09qj3slgfbshlp5hy0lkdnkwkygy-doppler-3.75.1"
        },
        "aarch64-linux": {
          "outputs": [
            {
              "name": "out",
              "path": "/nix/store/g011lmzy5qb7zkjvzhhc2g8cg0yqf2fd-doppler-3.75.1",
              "default": true
            }
          ],
          "store_path": "/nix/store/g011lmzy5qb7zkjvzhhc2g8cg0yqf2fd-doppler-3.75.1"
        },
        "x86_64-darwin": {
          "outputs": [
            {
              "name": "out",
              "path": "/nix/store/7s927aqbj1ss0hgylf5kv6nv0x9z8jg4-doppler-3.75.1",
              "default": true
            }
          ],
          "store_path": "/nix/store/7s927aqbj1ss0hgylf5kv6nv0x9z8jg4-doppler-3.75.1"
        },
        "x86_64-linux": {
          "outputs": [
            {
              "name": "out",
              "path": "/nix/store/hsqi8b6qwbk49fz3ckw14mz1n24fx23a-doppler-3.75.1",
              "default": true
            }
          ],
          "store_path": "/nix/store/hsqi8b6qwbk49fz3ckw14mz1n24fx23a-doppler-3.75.1"
        }
      }
    },
    "dotnet-sdk_10@latest": {
      "last_modified": "2025-12-31T03:27:36Z",
      "resolved": "github:NixOS/nixpkgs/f665af0cdb70ed27e1bd8f9fdfecaf451260fc55#dotnet-sdk_10",
      "source": "devbox-search",
      "version": "10.0.101",
      "systems": {
        "aarch64-darwin": {
          "outputs": [
            {
              "name": "out",
              "path": "/nix/store/g4rmm709lcsc1h9pihlaw05b50h47nn0-dotnet-sdk-wrapped-10.0.101",
              "default": true
            },
            {
              "name": "man",
              "path": "/nix/store/1r63ljnlp540y2hzipd2imkl6b9zhr61-dotnet-sdk-wrapped-10.0.101-man",
              "default": true
            }
          ],
          "store_path": "/nix/store/g4rmm709lcsc1h9pihlaw05b50h47nn0-dotnet-sdk-wrapped-10.0.101"
        },
        "aarch64-linux": {
          "outputs": [
            {
              "name": "out",
              "path": "/nix/store/l5aivahzz5b3ymf47y29hmpg1h74h36d-dotnet-sdk-wrapped-10.0.101",
              "default": true
            },
            {
              "name": "man",
              "path": "/nix/store/nv1jxiwfdssp2xnqx5b6bpgyk2x343dp-dotnet-sdk-wrapped-10.0.101-man",
              "default": true
            }
          ],
          "store_path": "/nix/store/l5aivahzz5b3ymf47y29hmpg1h74h36d-dotnet-sdk-wrapped-10.0.101"
        },
        "x86_64-darwin": {
          "outputs": [
            {
              "name": "out",
              "path": "/nix/store/vamllc4zhjvwz4zn2r830cavhy2zk607-dotnet-sdk-wrapped-10.0.101",
              "default": true
            }
          ],
          "store_path": "/nix/store/vamllc4zhjvwz4zn2r830cavhy2zk607-dotnet-sdk-wrapped-10.0.101"
        },
        "x86_64-linux": {
          "outputs": [
            {
              "name": "out",
              "path": "/nix/store/5hfn7q3adjwa8dh4yhhw1ip8njcbs7vs-dotnet-sdk-wrapped-10.0.101",
              "default": true
            },
            {
              "name": "man",
              "path": "/nix/store/ffbwl2q51d89mjp3cz2qmyx2dspifxh9-dotnet-sdk-wrapped-10.0.101-man",
              "default": true
            }
          ],
          "store_path": "/nix/store/5hfn7q3adjwa8dh4yhhw1ip8njcbs7vs-dotnet-sdk-wrapped-10.0.101"
        }
      }
    },
    "git-fame@latest": {
      "last_modified": "2025-12-31T03:27:36Z",
      "resolved": "github:NixOS/nixpkgs/f665af0cdb70ed27e1bd8f9fdfecaf451260fc55#git-fame",
      "source": "devbox-search",
      "version": "3.2.19",
      "systems": {
        "aarch64-darwin": {
          "outputs": [
            {
              "name": "out",
              "path": "/nix/store/2lp3bcx45qqj4ifbnxi2zdm2gsycm3ag-git_fame-3.2.19",
              "default": true
            }
          ],
          "store_path": "/nix/store/2lp3bcx45qqj4ifbnxi2zdm2gsycm3ag-git_fame-3.2.19"
        },
        "aarch64-linux": {
          "outputs": [
            {
              "name": "out",
              "path": "/nix/store/2hxpxmyqdrvj7scwz38xv4zjr5qw5r95-git_fame-3.2.19",
              "default": true
            }
          ],
          "store_path": "/nix/store/2hxpxmyqdrvj7scwz38xv4zjr5qw5r95-git_fame-3.2.19"
        },
        "x86_64-darwin": {
          "outputs": [
            {
              "name": "out",
              "path": "/nix/store/vys7f4n3n1cbap6vrxw7xri9f7y4zjpr-git_fame-3.2.19",
              "default": true
            }
          ],
          "store_path": "/nix/store/vys7f4n3n1cbap6vrxw7xri9f7y4zjpr-git_fame-3.2.19"
        },
        "x86_64-linux": {
          "outputs": [
            {
              "name": "out",
              "path": "/nix/store/wpkhgpymrfmdhs2w619fwv87yzw11hyl-git_fame-3.2.19",
              "default": true
            }
          ],
          "store_path": "/nix/store/wpkhgpymrfmdhs2w619fwv87yzw11hyl-git_fame-3.2.19"
        }
      }
    },
    "git-quick-stats@latest": {
      "last_modified": "2025-12-31T03:27:36Z",
      "resolved": "github:NixOS/nixpkgs/f665af0cdb70ed27e1bd8f9fdfecaf451260fc55#git-quick-stats",
      "source": "devbox-search",
      "version": "2.8.0",
      "systems": {
        "aarch64-darwin": {
          "outputs": [
            {
              "name": "out",
              "path": "/nix/store/kc7r9zm5zypp31sm45h1b174j86dyzhq-git-quick-stats-2.8.0",
              "default": true
            }
          ],
          "store_path": "/nix/store/kc7r9zm5zypp31sm45h1b174j86dyzhq-git-quick-stats-2.8.0"
        },
        "aarch64-linux": {
          "outputs": [
            {
              "name": "out",
              "path": "/nix/store/zi4mi0sgzsclnar2hpibw56f3xshd820-git-quick-stats-2.8.0",
              "default": true
            }
          ],
          "store_path": "/nix/store/zi4mi0sgzsclnar2hpibw56f3xshd820-git-quick-stats-2.8.0"
        },
        "x86_64-darwin": {
          "outputs": [
            {
              "name": "out",
              "path": "/nix/store/q4pki3hvvy93pbj675kh2hyl60k8i6i7-git-quick-stats-2.8.0",
              "default": true
            }
          ],
          "store_path": "/nix/store/q4pki3hvvy93pbj675kh2hyl60k8i6i7-git-quick-stats-2.8.0"
        },
        "x86_64-linux": {
          "outputs": [
            {
              "name": "out",
              "path": "/nix/store/jz4g0wiwx1jx680ldssdqappim1lh0hf-git-quick-stats-2.8.0",
              "default": true
            }
          ],
          "store_path": "/nix/store/jz4g0wiwx1jx680ldssdqappim1lh0hf-git-quick-stats-2.8.0"
        }
      }
    },
    "git-sizer@latest": {
      "last_modified": "2025-12-31T03:27:36Z",
      "resolved": "github:NixOS/nixpkgs/f665af0cdb70ed27e1bd8f9fdfecaf451260fc55#git-sizer",
      "source": "devbox-search",
      "version": "1.5.0",
      "systems": {
        "aarch64-darwin": {
          "outputs": [
            {
              "name": "out",
              "path": "/nix/store/8k962x3x9ch60cdcjq7038dfn1s2m3w7-git-sizer-1.5.0",
              "default": true
            }
          ],
          "store_path": "/nix/store/8k962x3x9ch60cdcjq7038dfn1s2m3w7-git-sizer-1.5.0"
        },
        "aarch64-linux": {
          "outputs": [
            {
              "name": "out",
              "path": "/nix/store/mxmbwl1ifbqjyaz1d3r04sdj20mxfmig-git-sizer-1.5.0",
              "default": true
            }
          ],
          "store_path": "/nix/store/mxmbwl1ifbqjyaz1d3r04sdj20mxfmig-git-sizer-1.5.0"
        },
        "x86_64-darwin": {
          "outputs": [
            {
              "name": "out",
              "path": "/nix/store/5z5mjf6n7sgiqhhlm4v6hq2k9cr4q8xf-git-sizer-1.5.0",
              "default": true
            }
          ],
          "store_path": "/nix/store/5z5mjf6n7sgiqhhlm4v6hq2k9cr4q8xf-git-sizer-1.5.0"
        },
        "x86_64-linux": {
          "outputs": [
            {
              "name": "out",
              "path": "/nix/store/rp8xcnxlvxhkkw7rb4c3cknk0s3vhhq5-git-sizer-1.5.0",
              "default": true
            }
          ],
          "store_path": "/nix/store/rp8xcnxlvxhkkw7rb4c3cknk0s3vhhq5-git-sizer-1.5.0"
        }
      }
    },
    "github-linguist@latest": {
      "last_modified": "2025-12-31T03:27:36Z",
      "resolved": "github:NixOS/nixpkgs/f665af0cdb70ed27e1bd8f9fdfecaf451260fc55#github-linguist",
      "source": "devbox-search",
      "version": "9.1.0",
      "systems": {
        "aarch64-darwin": {
          "outputs": [
            {
              "name": "out",
              "path": "/nix/store/16hy9z3f47v94mgj5dpdih5bx1klaxwc-github-linguist-9.1.0",
              "default": true
            }
          ],
          "store_path": "/nix/store/16hy9z3f47v94mgj5dpdih5bx1klaxwc-github-linguist-9.1.0"
        },
        "aarch64-linux": {
          "outputs": [
            {
              "name": "out",
              "path": "/nix/store/na78k95pfx8v313xsad4nffclsdpr7q1-github-linguist-9.1.0",
              "default": true
            }
          ],
          "store_path": "/nix/store/na78k95pfx8v313xsad4nffclsdpr7q1-github-linguist-9.1.0"
        },
        "x86_64-darwin": {
          "outputs": [
            {
              "name": "out",
              "path": "/nix/store/lqdpqaq3kp0mrbc35310y2v9k8kb2hjv-github-linguist-9.1.0",
              "default": true
            }
          ],
          "store_path": "/nix/store/lqdpqaq3kp0mrbc35310y2v9k8kb2hjv-github-linguist-9.1.0"
        },
        "x86_64-linux": {
          "outputs": [
            {
              "name": "out",
              "path": "/nix/store/kf3414lk329spk1x8dnc3dinix13j8xa-github-linguist-9.1.0",
              "default": true
            }
          ],
          "store_path": "/nix/store/kf3414lk329spk1x8dnc3dinix13j8xa-github-linguist-9.1.0"
        }
      }
    },
    "github:NixOS/nixpkgs/nixpkgs-unstable": {
      "last_modified": "2026-01-10T08:02:33Z",
      "resolved": "github:NixOS/nixpkgs/3146c6aa9995e7351a398e17470e15305e6e18ff?lastModified=1768032153"
    },
    "gitleaks@latest": {
      "last_modified": "2025-12-31T03:27:36Z",
      "resolved": "github:NixOS/nixpkgs/f665af0cdb70ed27e1bd8f9fdfecaf451260fc55#gitleaks",
      "source": "devbox-search",
      "version": "8.30.0",
      "systems": {
        "aarch64-darwin": {
          "outputs": [
            {
              "name": "out",
              "path": "/nix/store/5lacsgai6r9rfrvg7956590bk5313pzz-gitleaks-8.30.0",
              "default": true
            }
          ],
          "store_path": "/nix/store/5lacsgai6r9rfrvg7956590bk5313pzz-gitleaks-8.30.0"
        },
        "aarch64-linux": {
          "outputs": [
            {
              "name": "out",
              "path": "/nix/store/af40x7x578bckk67hw63478lv5yvl5zi-gitleaks-8.30.0",
              "default": true
            }
          ],
          "store_path": "/nix/store/af40x7x578bckk67hw63478lv5yvl5zi-gitleaks-8.30.0"
        },
        "x86_64-darwin": {
          "outputs": [
            {
              "name": "out",
              "path": "/nix/store/ib6gsr6h39l0mam1lky7s2ajj61wrrgd-gitleaks-8.30.0",
              "default": true
            }
          ],
          "store_path": "/nix/store/ib6gsr6h39l0mam1lky7s2ajj61wrrgd-gitleaks-8.30.0"
        },
        "x86_64-linux": {
          "outputs": [
            {
              "name": "out",
              "path": "/nix/store/lh9k58x4grgnfandj8nkqc84mw1ibhm0-gitleaks-8.30.0",
              "default": true
            }
          ],
          "store_path": "/nix/store/lh9k58x4grgnfandj8nkqc84mw1ibhm0-gitleaks-8.30.0"
        }
      }
    },
    "glibcLocales@latest": {
      "last_modified": "2025-12-31T03:27:36Z",
      "resolved": "github:NixOS/nixpkgs/f665af0cdb70ed27e1bd8f9fdfecaf451260fc55#glibcLocales",
      "source": "devbox-search",
      "version": "2.40-66",
      "systems": {
        "aarch64-linux": {
          "outputs": [
            {
              "name": "out",
              "path": "/nix/store/0mrra8k6h7dvs6dmq3f4ilsm0v33d01z-glibc-locales-2.40-66",
              "default": true
            }
          ],
          "store_path": "/nix/store/0mrra8k6h7dvs6dmq3f4ilsm0v33d01z-glibc-locales-2.40-66"
        },
        "x86_64-linux": {
          "outputs": [
            {
              "name": "out",
              "path": "/nix/store/wmwyf3bxrhg5ssd477dp99986wh4mzmm-glibc-locales-2.40-66",
              "default": true
            }
          ],
          "store_path": "/nix/store/wmwyf3bxrhg5ssd477dp99986wh4mzmm-glibc-locales-2.40-66"
        }
      }
    },
    "lazygit@latest": {
      "last_modified": "2025-12-31T03:27:36Z",
      "resolved": "github:NixOS/nixpkgs/f665af0cdb70ed27e1bd8f9fdfecaf451260fc55#lazygit",
      "source": "devbox-search",
      "version": "0.57.0",
      "systems": {
        "aarch64-darwin": {
          "outputs": [
            {
              "name": "out",
              "path": "/nix/store/zh978s85r6qi19x6n50pa3gljf7sbzg1-lazygit-0.57.0",
              "default": true
            }
          ],
          "store_path": "/nix/store/zh978s85r6qi19x6n50pa3gljf7sbzg1-lazygit-0.57.0"
        },
        "aarch64-linux": {
          "outputs": [
            {
              "name": "out",
              "path": "/nix/store/6wjxq3419n9ag1l2yyl8hb0cg34r5ngk-lazygit-0.57.0",
              "default": true
            }
          ],
          "store_path": "/nix/store/6wjxq3419n9ag1l2yyl8hb0cg34r5ngk-lazygit-0.57.0"
        },
        "x86_64-darwin": {
          "outputs": [
            {
              "name": "out",
              "path": "/nix/store/1dc6gkbxi90b6p55dpfm2c661h8m3y9n-lazygit-0.57.0",
              "default": true
            }
          ],
          "store_path": "/nix/store/1dc6gkbxi90b6p55dpfm2c661h8m3y9n-lazygit-0.57.0"
        },
        "x86_64-linux": {
          "outputs": [
            {
              "name": "out",
              "path": "/nix/store/r9rib3gnz002zz3z6qab8qgr2r4qs665-lazygit-0.57.0",
              "default": true
            }
          ],
          "store_path": "/nix/store/r9rib3gnz002zz3z6qab8qgr2r4qs665-lazygit-0.57.0"
        }
      }
    },
    "nodejs@latest": {
      "last_modified": "2026-01-02T14:39:32Z",
      "plugin_version": "0.0.2",
      "resolved": "github:NixOS/nixpkgs/16c7794d0a28b5a37904d55bcca36003b9109aaa#nodejs_25",
      "source": "devbox-search",
      "version": "25.2.1",
      "systems": {
        "aarch64-darwin": {
          "outputs": [
            {
              "name": "out",
              "path": "/nix/store/dwqksglz5298j1ba41cjnvg8fdgb3ih7-nodejs-25.2.1",
              "default": true
            },
            {
              "name": "dev",
              "path": "/nix/store/rw7v0j0xwfgayjljf0f00xci198nswsq-nodejs-25.2.1-dev"
            },
            {
              "name": "libv8",
              "path": "/nix/store/06slplspzy3a6q6pchib3rrvl8hglfc7-nodejs-25.2.1-libv8"
            }
          ],
          "store_path": "/nix/store/dwqksglz5298j1ba41cjnvg8fdgb3ih7-nodejs-25.2.1"
        },
        "aarch64-linux": {
          "outputs": [
            {
              "name": "out",
              "path": "/nix/store/8wcvwksrc3kha6lshrpl6ikvfbwbbzkk-nodejs-25.2.1",
              "default": true
            },
            {
              "name": "dev",
              "path": "/nix/store/mjqflb26bhh03ykg0axpjackmn92rvyi-nodejs-25.2.1-dev"
            },
            {
              "name": "libv8",
              "path": "/nix/store/aa814m7syc6ck2r7rj6mqqi2w34ayr83-nodejs-25.2.1-libv8"
            }
          ],
          "store_path": "/nix/store/8wcvwksrc3kha6lshrpl6ikvfbwbbzkk-nodejs-25.2.1"
        },
        "x86_64-darwin": {
          "outputs": [
            {
              "name": "out",
              "path": "/nix/store/kbwr9hwcvdd3kj4sv9v5qapjkxnc935i-nodejs-25.2.1",
              "default": true
            },
            {
              "name": "dev",
              "path": "/nix/store/gx16wbvvpnlg8yn0irh6vs0n8wza17kq-nodejs-25.2.1-dev"
            },
            {
              "name": "libv8",
              "path": "/nix/store/hmwr6jmrk99mjfccpifzkkgj02lijsgi-nodejs-25.2.1-libv8"
            }
          ],
          "store_path": "/nix/store/kbwr9hwcvdd3kj4sv9v5qapjkxnc935i-nodejs-25.2.1"
        },
        "x86_64-linux": {
          "outputs": [
            {
              "name": "out",
              "path": "/nix/store/dhrcmdyf3xd15gxl4ivps26w934cq32p-nodejs-25.2.1",
              "default": true
            },
            {
              "name": "dev",
              "path": "/nix/store/lzmm68m20ib352d3jxvy032qdv2giia4-nodejs-25.2.1-dev"
            },
            {
              "name": "libv8",
              "path": "/nix/store/g21k8vv3vjnqbb1jkyjs24ydybv8zxcl-nodejs-25.2.1-libv8"
            }
          ],
          "store_path": "/nix/store/dhrcmdyf3xd15gxl4ivps26w934cq32p-nodejs-25.2.1"
        }
      }
    },
    "onefetch@latest": {
      "last_modified": "2025-12-31T03:27:36Z",
      "resolved": "github:NixOS/nixpkgs/f665af0cdb70ed27e1bd8f9fdfecaf451260fc55#onefetch",
      "source": "devbox-search",
      "version": "2.26.1",
      "systems": {
        "aarch64-darwin": {
          "outputs": [
            {
              "name": "out",
              "path": "/nix/store/ncbl5nvpz0dsqyvkb50hcnng9niw2fqn-onefetch-2.26.1",
              "default": true
            }
          ],
          "store_path": "/nix/store/ncbl5nvpz0dsqyvkb50hcnng9niw2fqn-onefetch-2.26.1"
        },
        "aarch64-linux": {
          "outputs": [
            {
              "name": "out",
              "path": "/nix/store/5zis3806af0sndxzh97zi7x0yk64h4d4-onefetch-2.26.1",
              "default": true
            }
          ],
          "store_path": "/nix/store/5zis3806af0sndxzh97zi7x0yk64h4d4-onefetch-2.26.1"
        },
        "x86_64-darwin": {
          "outputs": [
            {
              "name": "out",
              "path": "/nix/store/z6zlyhqcxk9vy5n36hk96cym46q8wa79-onefetch-2.26.1",
              "default": true
            }
          ],
          "store_path": "/nix/store/z6zlyhqcxk9vy5n36hk96cym46q8wa79-onefetch-2.26.1"
        },
        "x86_64-linux": {
          "outputs": [
            {
              "name": "out",
              "path": "/nix/store/aixpy0c2r3ih8dv7d5ag3gsan3di9941-onefetch-2.26.1",
              "default": true
            }
          ],
          "store_path": "/nix/store/aixpy0c2r3ih8dv7d5ag3gsan3di9941-onefetch-2.26.1"
        }
      }
    },
    "opentofu@latest": {
      "last_modified": "2025-12-31T03:27:36Z",
      "resolved": "github:NixOS/nixpkgs/f665af0cdb70ed27e1bd8f9fdfecaf451260fc55#opentofu",
      "source": "devbox-search",
      "version": "1.11.2",
      "systems": {
        "aarch64-darwin": {
          "outputs": [
            {
              "name": "out",
              "path": "/nix/store/dz8qq8bhb2q54zldy0khc609mkw6gyvh-opentofu-1.11.2",
              "default": true
            }
          ],
          "store_path": "/nix/store/dz8qq8bhb2q54zldy0khc609mkw6gyvh-opentofu-1.11.2"
        },
        "aarch64-linux": {
          "outputs": [
            {
              "name": "out",
              "path": "/nix/store/a0f9nr2x07iy3hdfjnq0y9kgk804zrxc-opentofu-1.11.2",
              "default": true
            }
          ],
          "store_path": "/nix/store/a0f9nr2x07iy3hdfjnq0y9kgk804zrxc-opentofu-1.11.2"
        },
        "x86_64-darwin": {
          "outputs": [
            {
              "name": "out",
              "path": "/nix/store/x90g366swikbll7ldviqbvc20c3cbwww-opentofu-1.11.2",
              "default": true
            }
          ],
          "store_path": "/nix/store/x90g366swikbll7ldviqbvc20c3cbwww-opentofu-1.11.2"
        },
        "x86_64-linux": {
          "outputs": [
            {
              "name": "out",
              "path": "/nix/store/2ahk1ag72di3dv05m0v38ij4r85y1kqx-opentofu-1.11.2",
              "default": true
            }
          ],
          "store_path": "/nix/store/2ahk1ag72di3dv05m0v38ij4r85y1kqx-opentofu-1.11.2"
        }
      }
    },
    "pnpm@latest": {
      "last_modified": "2025-12-31T03:27:36Z",
      "resolved": "github:NixOS/nixpkgs/f665af0cdb70ed27e1bd8f9fdfecaf451260fc55#pnpm",
      "source": "devbox-search",
      "version": "10.26.1",
      "systems": {
        "aarch64-darwin": {
          "outputs": [
            {
              "name": "out",
              "path": "/nix/store/bixq2sgnl5gmjyslfsmnaijl7bn08p9z-pnpm-10.26.1",
              "default": true
            }
          ],
          "store_path": "/nix/store/bixq2sgnl5gmjyslfsmnaijl7bn08p9z-pnpm-10.26.1"
        },
        "aarch64-linux": {
          "outputs": [
            {
              "name": "out",
              "path": "/nix/store/ss5hrp8zgm7jmr1fd0yd2z9sk1whbs2b-pnpm-10.26.1",
              "default": true
            }
          ],
          "store_path": "/nix/store/ss5hrp8zgm7jmr1fd0yd2z9sk1whbs2b-pnpm-10.26.1"
        },
        "x86_64-darwin": {
          "outputs": [
            {
              "name": "out",
              "path": "/nix/store/yx8yh8m92cxdszxka9sa9kvy26jksg69-pnpm-10.26.1",
              "default": true
            }
          ],
          "store_path": "/nix/store/yx8yh8m92cxdszxka9sa9kvy26jksg69-pnpm-10.26.1"
        },
        "x86_64-linux": {
          "outputs": [
            {
              "name": "out",
              "path": "/nix/store/61lr9izijvg30pcribjdxgjxvh3bysp4-pnpm-10.26.1",
              "default": true
            }
          ],
          "store_path": "/nix/store/61lr9izijvg30pcribjdxgjxvh3bysp4-pnpm-10.26.1"
        }
      }
    },
    "postgresql@latest": {
      "last_modified": "2026-01-02T14:39:32Z",
      "plugin_version": "0.0.2",
      "resolved": "github:NixOS/nixpkgs/16c7794d0a28b5a37904d55bcca36003b9109aaa#postgresql",
      "source": "devbox-search",
      "version": "17.7",
      "systems": {
        "aarch64-darwin": {
          "outputs": [
            {
              "name": "out",
              "path": "/nix/store/8dqr0i6k6r2cjfgd2r5jyaihbdicqb9c-postgresql-17.7",
              "default": true
            },
            {
              "name": "man",
              "path": "/nix/store/s2gh48ry0g2a7hirrz942vimrpbqyl55-postgresql-17.7-man",
              "default": true
            },
            {
              "name": "pltcl",
              "path": "/nix/store/42zznqzjy6gx8j9h1w6hgcb7p87zw0ia-postgresql-17.7-pltcl"
            },
            {
              "name": "dev",
              "path": "/nix/store/8kg783mqr60dmyw35anha0d6zlib7lwz-postgresql-17.7-dev"
            },
            {
              "name": "doc",
              "path": "/nix/store/xlwzzw07nq8pa1jc8wmhpbxrwa007rni-postgresql-17.7-doc"
            },
            {
              "name": "lib",
              "path": "/nix/store/m23h5shn5pyaqyrsy2i9k8y0avq3q7fk-postgresql-17.7-lib"
            },
            {
              "name": "jit",
              "path": "/nix/store/kh8iw4ca7ih8r94jyl6znd8wav2qi4dx-postgresql-17.7-jit"
            },
            {
              "name": "plperl",
              "path": "/nix/store/6lg8fkwvrd17jbcb2l8l7j48s5xc2y99-postgresql-17.7-plperl"
            },
            {
              "name": "plpython3",
              "path": "/nix/store/akkb0xddh9x3mvx171x6q15llbq9vvn2-postgresql-17.7-plpython3"
            }
          ],
          "store_path": "/nix/store/8dqr0i6k6r2cjfgd2r5jyaihbdicqb9c-postgresql-17.7"
        },
        "aarch64-linux": {
          "outputs": [
            {
              "name": "out",
              "path": "/nix/store/r3cq6ifd8dndaz2a2c97y4pyv9amdwlb-postgresql-17.7",
              "default": true
            },
            {
              "name": "man",
              "path": "/nix/store/93w6fqzxm18brzwi094zyxf1hgjk3szw-postgresql-17.7-man",
              "default": true
            },
            {
              "name": "plperl",
              "path": "/nix/store/8f5z95sc7hbd59k083fr5xz5rzasbdjx-postgresql-17.7-plperl"
            },
            {
              "name": "debug",
              "path": "/nix/store/4rzzps7glgm5572iw0braakyn63776am-postgresql-17.7-debug"
            },
            {
              "name": "dev",
              "path": "/nix/store/3a498ahpaznkmjimk8kdl5hmhjb7z244-postgresql-17.7-dev"
            },
            {
              "name": "doc",
              "path": "/nix/store/gwbd5flzj0zbknf4sp18brrnmqaam97z-postgresql-17.7-doc"
            },
            {
              "name": "jit",
              "path": "/nix/store/b4dg21h7i76kcicqllfp1n4ql4fifgs1-postgresql-17.7-jit"
            },
            {
              "name": "lib",
              "path": "/nix/store/hysdhdjqsc85k4bw4j5hccl9n98pqrbb-postgresql-17.7-lib"
            },
            {
              "name": "plpython3",
              "path": "/nix/store/r7y5jg6y5w9sqj51i8q7zmajy57981hp-postgresql-17.7-plpython3"
            },
            {
              "name": "pltcl",
              "path": "/nix/store/v0ggcg3g5n2vcfdidby54i3866kdc7h0-postgresql-17.7-pltcl"
            }
          ],
          "store_path": "/nix/store/r3cq6ifd8dndaz2a2c97y4pyv9amdwlb-postgresql-17.7"
        },
        "x86_64-darwin": {
          "outputs": [
            {
              "name": "out",
              "path": "/nix/store/knah3fbhsvy10k6vmq5h10rs8zq5fkq0-postgresql-17.7",
              "default": true
            },
            {
              "name": "man",
              "path": "/nix/store/a7n49b2xgpazzkxazbbz5azbcgqwc5c1-postgresql-17.7-man",
              "default": true
            },
            {
              "name": "plperl",
              "path": "/nix/store/sih8xbyl6i42zh5xavs0hnazpvx6wkgc-postgresql-17.7-plperl"
            },
            {
              "name": "pltcl",
              "path": "/nix/store/1p37i9g824zl3kva154jdjngxrrbhh09-postgresql-17.7-pltcl"
            },
            {
              "name": "plpython3",
              "path": "/nix/store/vza2y572p75laww7idjg1bcnc8k7k15z-postgresql-17.7-plpython3"
            },
            {
              "name": "dev",
              "path": "/nix/store/x9n4zsrf6w58q5nv4dn1k0sdfh7ij0m1-postgresql-17.7-dev"
            },
            {
              "name": "doc",
              "path": "/nix/store/xb6273jkz7z53f5jslp3r05hhk9im7hd-postgresql-17.7-doc"
            },
            {
              "name": "jit",
              "path": "/nix/store/88qzagg7g7ml1hanjfbzy7izgg9jn6ms-postgresql-17.7-jit"
            },
            {
              "name": "lib",
              "path": "/nix/store/zskadb0lrlr10lvz3km5qix08s5gd6rh-postgresql-17.7-lib"
            }
          ],
          "store_path": "/nix/store/knah3fbhsvy10k6vmq5h10rs8zq5fkq0-postgresql-17.7"
        },
        "x86_64-linux": {
          "outputs": [
            {
              "name": "out",
              "path": "/nix/store/n3aadx4a3200n06gsgy8j3sy7s94yi6y-postgresql-17.7",
              "default": true
            },
            {
              "name": "man",
              "path": "/nix/store/ccmlcmir2hg0fvhbw0pkkxy4filijk72-postgresql-17.7-man",
              "default": true
            },
            {
              "name": "dev",
              "path": "/nix/store/g6c7nb4db5g2ili287v4878cxbfj8y3b-postgresql-17.7-dev"
            },
            {
              "name": "doc",
              "path": "/nix/store/ijq8h2qr148yf1lw26804h1iwgkfxldy-postgresql-17.7-doc"
            },
            {
              "name": "jit",
              "path": "/nix/store/9hsb8rxdgvq8rsxm4nwqbr78j6aqmxnb-postgresql-17.7-jit"
            },
            {
              "name": "lib",
              "path": "/nix/store/yxxxv1a4v1y80mqv68fsa2z0h62h16n7-postgresql-17.7-lib"
            },
            {
              "name": "debug",
              "path": "/nix/store/87vkh12z8jzqppbf6sv20jbqbjw2lzdb-postgresql-17.7-debug"
            },
            {
              "name": "plperl",
              "path": "/nix/store/gfs1k03967qqwa07vb4nngvngfa8c98b-postgresql-17.7-plperl"
            },
            {
              "name": "plpython3",
              "path": "/nix/store/y6cmkd3fd2cqkf2nammdjbisargqf4s1-postgresql-17.7-plpython3"
            },
            {
              "name": "pltcl",
              "path": "/nix/store/mg08fawdfkjb5hpbs0wp1wjnl3v41gkd-postgresql-17.7-pltcl"
            }
          ],
          "store_path": "/nix/store/n3aadx4a3200n06gsgy8j3sy7s94yi6y-postgresql-17.7"
        }
      }
    },
    "ruby@latest": {
      "last_modified": "2025-12-31T03:27:36Z",
      "plugin_version": "0.0.2",
      "resolved": "github:NixOS/nixpkgs/f665af0cdb70ed27e1bd8f9fdfecaf451260fc55#ruby_4_0",
      "source": "devbox-search",
      "version": "4.0.0",
      "systems": {
        "aarch64-darwin": {
          "outputs": [
            {
              "name": "out",
              "path": "/nix/store/p5d3z7i4qv1jsb7dbwi6bvwj69npam16-ruby-4.0.0",
              "default": true
            },
            {
              "name": "devdoc",
              "path": "/nix/store/dql3cy0lrhgib9wzjd60m9a5aniyw17q-ruby-4.0.0-devdoc"
            }
          ],
          "store_path": "/nix/store/p5d3z7i4qv1jsb7dbwi6bvwj69npam16-ruby-4.0.0"
        },
        "aarch64-linux": {
          "outputs": [
            {
              "name": "out",
              "path": "/nix/store/ig4hv8akdx3fmpmy6c57rai4h8jdicpx-ruby-4.0.0",
              "default": true
            },
            {
              "name": "devdoc",
              "path": "/nix/store/3fbyjp14vzs615rhlknqn72s176mxa7n-ruby-4.0.0-devdoc"
            }
          ],
          "store_path": "/nix/store/ig4hv8akdx3fmpmy6c57rai4h8jdicpx-ruby-4.0.0"
        },
        "x86_64-darwin": {
          "outputs": [
            {
              "name": "out",
              "path": "/nix/store/y0b199i57ldp92lry27g64ijmg48z6an-ruby-4.0.0",
              "default": true
            },
            {
              "name": "devdoc",
              "path": "/nix/store/3pj450l1hp2z97brjz7pz6x1l2a9n24s-ruby-4.0.0-devdoc"
            }
          ],
          "store_path": "/nix/store/y0b199i57ldp92lry27g64ijmg48z6an-ruby-4.0.0"
        },
        "x86_64-linux": {
          "outputs": [
            {
              "name": "out",
              "path": "/nix/store/vk2r53cg6737x9wjiajhv0lhpv1bxn2h-ruby-4.0.0",
              "default": true
            },
            {
              "name": "devdoc",
              "path": "/nix/store/4g2c60kg4xv5shbf7x2n3fxgdajmm1cr-ruby-4.0.0-devdoc"
            }
          ],
          "store_path": "/nix/store/vk2r53cg6737x9wjiajhv0lhpv1bxn2h-ruby-4.0.0"
        }
      }
    },
    "scc@latest": {
      "last_modified": "2025-12-31T03:27:36Z",
      "resolved": "github:NixOS/nixpkgs/f665af0cdb70ed27e1bd8f9fdfecaf451260fc55#scc",
      "source": "devbox-search",
      "version": "3.6.0",
      "systems": {
        "aarch64-darwin": {
          "outputs": [
            {
              "name": "out",
              "path": "/nix/store/7jizq78b7r3jrq8xyja1jcg5l2wnjxy0-scc-3.6.0",
              "default": true
            }
          ],
          "store_path": "/nix/store/7jizq78b7r3jrq8xyja1jcg5l2wnjxy0-scc-3.6.0"
        },
        "aarch64-linux": {
          "outputs": [
            {
              "name": "out",
              "path": "/nix/store/i6na2z97pqic7crirvdrza3cfs1hf75g-scc-3.6.0",
              "default": true
            }
          ],
          "store_path": "/nix/store/i6na2z97pqic7crirvdrza3cfs1hf75g-scc-3.6.0"
        },
        "x86_64-darwin": {
          "outputs": [
            {
              "name": "out",
              "path": "/nix/store/i1b0jqj61bzqfmvsif0v32alzhx8llgf-scc-3.6.0",
              "default": true
            }
          ],
          "store_path": "/nix/store/i1b0jqj61bzqfmvsif0v32alzhx8llgf-scc-3.6.0"
        },
        "x86_64-linux": {
          "outputs": [
            {
              "name": "out",
              "path": "/nix/store/k9mcbsa1bd6j7xhzximmh46x7hc29mh5-scc-3.6.0",
              "default": true
            }
          ],
          "store_path": "/nix/store/k9mcbsa1bd6j7xhzximmh46x7hc29mh5-scc-3.6.0"
        }
      }
    },
    "tokei@latest": {
      "last_modified": "2025-12-31T19:51:29Z",
      "resolved": "github:NixOS/nixpkgs/fe575ad78fa6df638340aa673ea84709c5bd5da0#tokei",
      "source": "devbox-search",
      "version": "14.0.0",
      "systems": {
        "aarch64-darwin": {
          "outputs": [
            {
              "name": "out",
              "path": "/nix/store/683hsxnv0xpyrz0rzlwmxd0imry0cp1v-tokei-14.0.0",
              "default": true
            }
          ],
          "store_path": "/nix/store/683hsxnv0xpyrz0rzlwmxd0imry0cp1v-tokei-14.0.0"
        },
        "aarch64-linux": {
          "outputs": [
            {
              "name": "out",
              "path": "/nix/store/yqbiza6laq6gy25q507i30gqzirjfrab-tokei-14.0.0",
              "default": true
            }
          ],
          "store_path": "/nix/store/yqbiza6laq6gy25q507i30gqzirjfrab-tokei-14.0.0"
        },
        "x86_64-darwin": {
          "outputs": [
            {
              "name": "out",
              "path": "/nix/store/l6h00ghkw56qz7786qjgvzxkx8gzd5ap-tokei-14.0.0",
              "default": true
            }
          ],
          "store_path": "/nix/store/l6h00ghkw56qz7786qjgvzxkx8gzd5ap-tokei-14.0.0"
        },
        "x86_64-linux": {
          "outputs": [
            {
              "name": "out",
              "path": "/nix/store/nya6y1kv2ikd7xv20dbj9y0sga9hh8k3-tokei-14.0.0",
              "default": true
            }
          ],
          "store_path": "/nix/store/nya6y1kv2ikd7xv20dbj9y0sga9hh8k3-tokei-14.0.0"
        }
      }
    },
    "trufflehog@latest": {
      "last_modified": "2025-12-31T03:27:36Z",
      "resolved": "github:NixOS/nixpkgs/f665af0cdb70ed27e1bd8f9fdfecaf451260fc55#trufflehog",
      "source": "devbox-search",
      "version": "3.92.4",
      "systems": {
        "aarch64-darwin": {
          "outputs": [
            {
              "name": "out",
              "path": "/nix/store/mrk4lflqq0q6g73piz4cdrp3syr2xq31-trufflehog-3.92.4",
              "default": true
            }
          ],
          "store_path": "/nix/store/mrk4lflqq0q6g73piz4cdrp3syr2xq31-trufflehog-3.92.4"
        },
        "aarch64-linux": {
          "outputs": [
            {
              "name": "out",
              "path": "/nix/store/z8icmsyh2pcgkpw7c7y8q743f45b4z7x-trufflehog-3.92.4",
              "default": true
            }
          ],
          "store_path": "/nix/store/z8icmsyh2pcgkpw7c7y8q743f45b4z7x-trufflehog-3.92.4"
        },
        "x86_64-darwin": {
          "outputs": [
            {
              "name": "out",
              "path": "/nix/store/s3l9vqkap937svh7d2d6dwypm3ixbzaw-trufflehog-3.92.4",
              "default": true
            }
          ],
          "store_path": "/nix/store/s3l9vqkap937svh7d2d6dwypm3ixbzaw-trufflehog-3.92.4"
        },
        "x86_64-linux": {
          "outputs": [
            {
              "name": "out",
              "path": "/nix/store/nsv0c48hp6q728ar2hkp9i509lbibdwg-trufflehog-3.92.4",
              "default": true
            }
          ],
          "store_path": "/nix/store/nsv0c48hp6q728ar2hkp9i509lbibdwg-trufflehog-3.92.4"
        }
      }
    }
  }
}
